
Microsoft Visual Studio Solution File, Format Version 12.00
# Visual Studio Version 17
VisualStudioVersion = 17.6.33829.357
MinimumVisualStudioVersion = 10.0.40219.1
Project("{9A19103F-16F7-4668-BE54-9A1E7A4F7556}") = "AutomaticWorkAssignment", "AutomaticWorkAssignment\AutomaticWorkAssignment.csproj", "{7D4F9C05-C7C3-4B99-90F4-9B0A6C477F42}"
EndProject
Project("{9A19103F-16F7-4668-BE54-9A1E7A4F7556}") = "Patch_BetterPawnControl", "Patch_BetterPawnControl\Patch_BetterPawnControl.csproj", "{CBD10C5F-A3B4-4F5B-9A70-6DDDB4B870CF}"
EndProject
Project("{2150E333-8FDC-42A3-9474-1A3956D46DE8}") = "Patches", "Patches", "{E91E7AA9-F920-4605-AB2D-FE5B42E0BC36}"
EndProject
Project("{9A19103F-16F7-4668-BE54-9A1E7A4F7556}") = "Patch_PawnBadge", "Patch_PawnBadge\Patch_PawnBadge.csproj", "{D3162290-0333-498D-89CE-F16559AE62B2}"
EndProject
Project("{9A19103F-16F7-4668-BE54-9A1E7A4F7556}") = "Patch_CombatExtended", "Patch_CombatExtended\Patch_CombatExtended.csproj", "{6793AD49-96FA-4E44-B7D8-7EE61F1103D8}"
EndProject
Project("{9A19103F-16F7-4668-BE54-9A1E7A4F7556}") = "Patch_VanillaSkillsExpanded", "Patch_VanillaSkillsExpanded\Patch_VanillaSkillsExpanded.csproj", "{BBC2423F-6097-48B6-97F6-72DBDAD94BF9}"
EndProject
Project("{9A19103F-16F7-4668-BE54-9A1E7A4F7556}") = "Patch_PerformanceOptimizer", "Patch_PerformanceOptimizer\Patch_PerformanceOptimizer.csproj", "{ED0B68A7-6A94-48B3-B717-CA11D254C2E5}"
EndProject
Project("{9A19103F-16F7-4668-BE54-9A1E7A4F7556}") = "Addon_AutomaticSurgeries", "Addon_AutomaticSurgeries\Addon_AutomaticSurgeries.csproj", "{93380B52-D483-4C0C-8B8E-587EF53AEA0D}"
EndProject
Project("{9A19103F-16F7-4668-BE54-9A1E7A4F7556}") = "Patch_CompositableLoadouts", "Patch_CompositableLoadouts\Patch_CompositableLoadouts.csproj", "{34144C75-8D35-4E4D-9D17-FE97977D59D3}"
EndProject
Project("{2150E333-8FDC-42A3-9474-1A3956D46DE8}") = "Solution Items", "Solution Items", "{8EC462FD-D22E-90A8-E5CE-7E832BA40C5D}"
	ProjectSection(SolutionItems) = preProject
		.editorconfig = .editorconfig
		Directory.Build.props = Directory.Build.props
		Directory.Build.props.user = Directory.Build.props.user
		Directory.Build.props.user.example = Directory.Build.props.user.example
	EndProjectSection
EndProject
Project("{FAE04EC0-301F-11D3-BF4B-00C04F79EFBC}") = "AutomaticWorkAssignment.Test", "AutomaticWorkAssignment.Test\AutomaticWorkAssignment.Test.csproj", "{F083BA39-D07C-48F2-B2D8-8F443007C054}"
EndProject
Project("{FAE04EC0-301F-11D3-BF4B-00C04F79EFBC}") = "Addon_Events", "Addon_Events\Addon_Events.csproj", "{8FE70611-A081-07A0-60C7-8D733EF3B5E5}"
EndProject
Project("{FAE04EC0-301F-11D3-BF4B-00C04F79EFBC}") = "Patch_ColonyGroups", "Patch_ColonyGroups\Patch_ColonyGroups.csproj", "{1931AB7E-4FFF-4C99-B9E9-CE5BBADCB59D}"
EndProject
Global
	GlobalSection(SolutionConfigurationPlatforms) = preSolution
		Debug|Any CPU = Debug|Any CPU
		Debug|x64 = Debug|x64
		Debug|x86 = Debug|x86
		Release|Any CPU = Release|Any CPU
		Release|x64 = Release|x64
		Release|x86 = Release|x86
	EndGlobalSection
	GlobalSection(ProjectConfigurationPlatforms) = postSolution
		{7D4F9C05-C7C3-4B99-90F4-9B0A6C477F42}.Debug|Any CPU.ActiveCfg = Debug|Any CPU
		{7D4F9C05-C7C3-4B99-90F4-9B0A6C477F42}.Debug|Any CPU.Build.0 = Debug|Any CPU
		{7D4F9C05-C7C3-4B99-90F4-9B0A6C477F42}.Debug|x64.ActiveCfg = Debug|Any CPU
		{7D4F9C05-C7C3-4B99-90F4-9B0A6C477F42}.Debug|x64.Build.0 = Debug|Any CPU
		{7D4F9C05-C7C3-4B99-90F4-9B0A6C477F42}.Debug|x86.ActiveCfg = Debug|Any CPU
		{7D4F9C05-C7C3-4B99-90F4-9B0A6C477F42}.Debug|x86.Build.0 = Debug|Any CPU
		{7D4F9C05-C7C3-4B99-90F4-9B0A6C477F42}.Release|Any CPU.ActiveCfg = Release|Any CPU
		{7D4F9C05-C7C3-4B99-90F4-9B0A6C477F42}.Release|Any CPU.Build.0 = Release|Any CPU
		{7D4F9C05-C7C3-4B99-90F4-9B0A6C477F42}.Release|x64.ActiveCfg = Release|Any CPU
		{7D4F9C05-C7C3-4B99-90F4-9B0A6C477F42}.Release|x64.Build.0 = Release|Any CPU
		{7D4F9C05-C7C3-4B99-90F4-9B0A6C477F42}.Release|x86.ActiveCfg = Release|Any CPU
		{7D4F9C05-C7C3-4B99-90F4-9B0A6C477F42}.Release|x86.Build.0 = Release|Any CPU
		{CBD10C5F-A3B4-4F5B-9A70-6DDDB4B870CF}.Debug|Any CPU.ActiveCfg = Debug|Any CPU
		{CBD10C5F-A3B4-4F5B-9A70-6DDDB4B870CF}.Debug|Any CPU.Build.0 = Debug|Any CPU
		{CBD10C5F-A3B4-4F5B-9A70-6DDDB4B870CF}.Debug|x64.ActiveCfg = Debug|Any CPU
		{CBD10C5F-A3B4-4F5B-9A70-6DDDB4B870CF}.Debug|x64.Build.0 = Debug|Any CPU
		{CBD10C5F-A3B4-4F5B-9A70-6DDDB4B870CF}.Debug|x86.ActiveCfg = Debug|Any CPU
		{CBD10C5F-A3B4-4F5B-9A70-6DDDB4B870CF}.Debug|x86.Build.0 = Debug|Any CPU
		{CBD10C5F-A3B4-4F5B-9A70-6DDDB4B870CF}.Release|Any CPU.ActiveCfg = Release|Any CPU
		{CBD10C5F-A3B4-4F5B-9A70-6DDDB4B870CF}.Release|Any CPU.Build.0 = Release|Any CPU
		{CBD10C5F-A3B4-4F5B-9A70-6DDDB4B870CF}.Release|x64.ActiveCfg = Release|Any CPU
		{CBD10C5F-A3B4-4F5B-9A70-6DDDB4B870CF}.Release|x64.Build.0 = Release|Any CPU
		{CBD10C5F-A3B4-4F5B-9A70-6DDDB4B870CF}.Release|x86.ActiveCfg = Release|Any CPU
		{CBD10C5F-A3B4-4F5B-9A70-6DDDB4B870CF}.Release|x86.Build.0 = Release|Any CPU
		{D3162290-0333-498D-89CE-F16559AE62B2}.Debug|Any CPU.ActiveCfg = Debug|Any CPU
		{D3162290-0333-498D-89CE-F16559AE62B2}.Debug|x64.ActiveCfg = Debug|Any CPU
		{D3162290-0333-498D-89CE-F16559AE62B2}.Debug|x64.Build.0 = Debug|Any CPU
		{D3162290-0333-498D-89CE-F16559AE62B2}.Debug|x86.ActiveCfg = Debug|Any CPU
		{D3162290-0333-498D-89CE-F16559AE62B2}.Debug|x86.Build.0 = Debug|Any CPU
		{D3162290-0333-498D-89CE-F16559AE62B2}.Release|Any CPU.ActiveCfg = Release|Any CPU
		{D3162290-0333-498D-89CE-F16559AE62B2}.Release|Any CPU.Build.0 = Release|Any CPU
		{D3162290-0333-498D-89CE-F16559AE62B2}.Release|x64.ActiveCfg = Release|Any CPU
		{D3162290-0333-498D-89CE-F16559AE62B2}.Release|x64.Build.0 = Release|Any CPU
		{D3162290-0333-498D-89CE-F16559AE62B2}.Release|x86.ActiveCfg = Release|Any CPU
		{D3162290-0333-498D-89CE-F16559AE62B2}.Release|x86.Build.0 = Release|Any CPU
		{6793AD49-96FA-4E44-B7D8-7EE61F1103D8}.Debug|Any CPU.ActiveCfg = Debug|Any CPU
		{6793AD49-96FA-4E44-B7D8-7EE61F1103D8}.Debug|Any CPU.Build.0 = Debug|Any CPU
		{6793AD49-96FA-4E44-B7D8-7EE61F1103D8}.Debug|x64.ActiveCfg = Debug|Any CPU
		{6793AD49-96FA-4E44-B7D8-7EE61F1103D8}.Debug|x64.Build.0 = Debug|Any CPU
		{6793AD49-96FA-4E44-B7D8-7EE61F1103D8}.Debug|x86.ActiveCfg = Debug|Any CPU
		{6793AD49-96FA-4E44-B7D8-7EE61F1103D8}.Debug|x86.Build.0 = Debug|Any CPU
		{6793AD49-96FA-4E44-B7D8-7EE61F1103D8}.Release|Any CPU.ActiveCfg = Release|Any CPU
		{6793AD49-96FA-4E44-B7D8-7EE61F1103D8}.Release|Any CPU.Build.0 = Release|Any CPU
		{6793AD49-96FA-4E44-B7D8-7EE61F1103D8}.Release|x64.ActiveCfg = Release|Any CPU
		{6793AD49-96FA-4E44-B7D8-7EE61F1103D8}.Release|x64.Build.0 = Release|Any CPU
		{6793AD49-96FA-4E44-B7D8-7EE61F1103D8}.Release|x86.ActiveCfg = Release|Any CPU
		{6793AD49-96FA-4E44-B7D8-7EE61F1103D8}.Release|x86.Build.0 = Release|Any CPU
		{BBC2423F-6097-48B6-97F6-72DBDAD94BF9}.Debug|Any CPU.ActiveCfg = Debug|Any CPU
		{BBC2423F-6097-48B6-97F6-72DBDAD94BF9}.Debug|Any CPU.Build.0 = Debug|Any CPU
		{BBC2423F-6097-48B6-97F6-72DBDAD94BF9}.Debug|x64.ActiveCfg = Debug|Any CPU
		{BBC2423F-6097-48B6-97F6-72DBDAD94BF9}.Debug|x64.Build.0 = Debug|Any CPU
		{BBC2423F-6097-48B6-97F6-72DBDAD94BF9}.Debug|x86.ActiveCfg = Debug|Any CPU
		{BBC2423F-6097-48B6-97F6-72DBDAD94BF9}.Debug|x86.Build.0 = Debug|Any CPU
		{BBC2423F-6097-48B6-97F6-72DBDAD94BF9}.Release|Any CPU.ActiveCfg = Release|Any CPU
		{BBC2423F-6097-48B6-97F6-72DBDAD94BF9}.Release|Any CPU.Build.0 = Release|Any CPU
		{BBC2423F-6097-48B6-97F6-72DBDAD94BF9}.Release|x64.ActiveCfg = Release|Any CPU
		{BBC2423F-6097-48B6-97F6-72DBDAD94BF9}.Release|x64.Build.0 = Release|Any CPU
		{BBC2423F-6097-48B6-97F6-72DBDAD94BF9}.Release|x86.ActiveCfg = Release|Any CPU
		{BBC2423F-6097-48B6-97F6-72DBDAD94BF9}.Release|x86.Build.0 = Release|Any CPU
		{ED0B68A7-6A94-48B3-B717-CA11D254C2E5}.Debug|Any CPU.ActiveCfg = Debug|Any CPU
		{ED0B68A7-6A94-48B3-B717-CA11D254C2E5}.Debug|Any CPU.Build.0 = Debug|Any CPU
		{ED0B68A7-6A94-48B3-B717-CA11D254C2E5}.Debug|x64.ActiveCfg = Debug|Any CPU
		{ED0B68A7-6A94-48B3-B717-CA11D254C2E5}.Debug|x64.Build.0 = Debug|Any CPU
		{ED0B68A7-6A94-48B3-B717-CA11D254C2E5}.Debug|x86.ActiveCfg = Debug|Any CPU
		{ED0B68A7-6A94-48B3-B717-CA11D254C2E5}.Debug|x86.Build.0 = Debug|Any CPU
		{ED0B68A7-6A94-48B3-B717-CA11D254C2E5}.Release|Any CPU.ActiveCfg = Release|Any CPU
		{ED0B68A7-6A94-48B3-B717-CA11D254C2E5}.Release|Any CPU.Build.0 = Release|Any CPU
		{ED0B68A7-6A94-48B3-B717-CA11D254C2E5}.Release|x64.ActiveCfg = Release|Any CPU
		{ED0B68A7-6A94-48B3-B717-CA11D254C2E5}.Release|x64.Build.0 = Release|Any CPU
		{ED0B68A7-6A94-48B3-B717-CA11D254C2E5}.Release|x86.ActiveCfg = Release|Any CPU
		{ED0B68A7-6A94-48B3-B717-CA11D254C2E5}.Release|x86.Build.0 = Release|Any CPU
		{93380B52-D483-4C0C-8B8E-587EF53AEA0D}.Debug|Any CPU.ActiveCfg = Debug|Any CPU
		{93380B52-D483-4C0C-8B8E-587EF53AEA0D}.Debug|Any CPU.Build.0 = Debug|Any CPU
		{93380B52-D483-4C0C-8B8E-587EF53AEA0D}.Debug|x64.ActiveCfg = Debug|Any CPU
		{93380B52-D483-4C0C-8B8E-587EF53AEA0D}.Debug|x64.Build.0 = Debug|Any CPU
		{93380B52-D483-4C0C-8B8E-587EF53AEA0D}.Debug|x86.ActiveCfg = Debug|Any CPU
		{93380B52-D483-4C0C-8B8E-587EF53AEA0D}.Debug|x86.Build.0 = Debug|Any CPU
		{93380B52-D483-4C0C-8B8E-587EF53AEA0D}.Release|Any CPU.ActiveCfg = Release|Any CPU
		{93380B52-D483-4C0C-8B8E-587EF53AEA0D}.Release|Any CPU.Build.0 = Release|Any CPU
		{93380B52-D483-4C0C-8B8E-587EF53AEA0D}.Release|x64.ActiveCfg = Release|Any CPU
		{93380B52-D483-4C0C-8B8E-587EF53AEA0D}.Release|x64.Build.0 = Release|Any CPU
		{93380B52-D483-4C0C-8B8E-587EF53AEA0D}.Release|x86.ActiveCfg = Release|Any CPU
		{93380B52-D483-4C0C-8B8E-587EF53AEA0D}.Release|x86.Build.0 = Release|Any CPU
		{34144C75-8D35-4E4D-9D17-FE97977D59D3}.Debug|Any CPU.ActiveCfg = Debug|Any CPU
		{34144C75-8D35-4E4D-9D17-FE97977D59D3}.Debug|Any CPU.Build.0 = Debug|Any CPU
		{34144C75-8D35-4E4D-9D17-FE97977D59D3}.Debug|x64.ActiveCfg = Debug|Any CPU
		{34144C75-8D35-4E4D-9D17-FE97977D59D3}.Debug|x64.Build.0 = Debug|Any CPU
		{34144C75-8D35-4E4D-9D17-FE97977D59D3}.Debug|x86.ActiveCfg = Debug|Any CPU
		{34144C75-8D35-4E4D-9D17-FE97977D59D3}.Debug|x86.Build.0 = Debug|Any CPU
		{34144C75-8D35-4E4D-9D17-FE97977D59D3}.Release|Any CPU.ActiveCfg = Release|Any CPU
		{34144C75-8D35-4E4D-9D17-FE97977D59D3}.Release|Any CPU.Build.0 = Release|Any CPU
		{34144C75-8D35-4E4D-9D17-FE97977D59D3}.Release|x64.ActiveCfg = Release|Any CPU
		{34144C75-8D35-4E4D-9D17-FE97977D59D3}.Release|x64.Build.0 = Release|Any CPU
		{34144C75-8D35-4E4D-9D17-FE97977D59D3}.Release|x86.ActiveCfg = Release|Any CPU
		{34144C75-8D35-4E4D-9D17-FE97977D59D3}.Release|x86.Build.0 = Release|Any CPU
		{F083BA39-D07C-48F2-B2D8-8F443007C054}.Debug|Any CPU.ActiveCfg = Debug|Any CPU
		{F083BA39-D07C-48F2-B2D8-8F443007C054}.Debug|Any CPU.Build.0 = Debug|Any CPU
		{F083BA39-D07C-48F2-B2D8-8F443007C054}.Debug|x64.ActiveCfg = Debug|Any CPU
		{F083BA39-D07C-48F2-B2D8-8F443007C054}.Debug|x64.Build.0 = Debug|Any CPU
		{F083BA39-D07C-48F2-B2D8-8F443007C054}.Debug|x86.ActiveCfg = Debug|Any CPU
		{F083BA39-D07C-48F2-B2D8-8F443007C054}.Debug|x86.Build.0 = Debug|Any CPU
		{F083BA39-D07C-48F2-B2D8-8F443007C054}.Release|Any CPU.ActiveCfg = Release|Any CPU
		{F083BA39-D07C-48F2-B2D8-8F443007C054}.Release|Any CPU.Build.0 = Release|Any CPU
		{F083BA39-D07C-48F2-B2D8-8F443007C054}.Release|x64.ActiveCfg = Release|Any CPU
		{F083BA39-D07C-48F2-B2D8-8F443007C054}.Release|x64.Build.0 = Release|Any CPU
		{F083BA39-D07C-48F2-B2D8-8F443007C054}.Release|x86.ActiveCfg = Release|Any CPU
		{F083BA39-D07C-48F2-B2D8-8F443007C054}.Release|x86.Build.0 = Release|Any CPU
		{8FE70611-A081-07A0-60C7-8D733EF3B5E5}.Debug|Any CPU.ActiveCfg = Debug|Any CPU
		{8FE70611-A081-07A0-60C7-8D733EF3B5E5}.Debug|Any CPU.Build.0 = Debug|Any CPU
		{8FE70611-A081-07A0-60C7-8D733EF3B5E5}.Debug|x64.ActiveCfg = Debug|Any CPU
		{8FE70611-A081-07A0-60C7-8D733EF3B5E5}.Debug|x64.Build.0 = Debug|Any CPU
		{8FE70611-A081-07A0-60C7-8D733EF3B5E5}.Debug|x86.ActiveCfg = Debug|Any CPU
		{8FE70611-A081-07A0-60C7-8D733EF3B5E5}.Debug|x86.Build.0 = Debug|Any CPU
		{8FE70611-A081-07A0-60C7-8D733EF3B5E5}.Release|Any CPU.ActiveCfg = Release|Any CPU
		{8FE70611-A081-07A0-60C7-8D733EF3B5E5}.Release|Any CPU.Build.0 = Release|Any CPU
		{8FE70611-A081-07A0-60C7-8D733EF3B5E5}.Release|x64.ActiveCfg = Release|Any CPU
		{8FE70611-A081-07A0-60C7-8D733EF3B5E5}.Release|x64.Build.0 = Release|Any CPU
		{8FE70611-A081-07A0-60C7-8D733EF3B5E5}.Release|x86.ActiveCfg = Release|Any CPU
		{8FE70611-A081-07A0-60C7-8D733EF3B5E5}.Release|x86.Build.0 = Release|Any CPU
		{1931AB7E-4FFF-4C99-B9E9-CE5BBADCB59D}.Debug|Any CPU.ActiveCfg = Debug|Any CPU
		{1931AB7E-4FFF-4C99-B9E9-CE5BBADCB59D}.Debug|Any CPU.Build.0 = Debug|Any CPU
		{1931AB7E-4FFF-4C99-B9E9-CE5BBADCB59D}.Debug|x64.ActiveCfg = Debug|Any CPU
		{1931AB7E-4FFF-4C99-B9E9-CE5BBADCB59D}.Debug|x64.Build.0 = Debug|Any CPU
		{1931AB7E-4FFF-4C99-B9E9-CE5BBADCB59D}.Debug|x86.ActiveCfg = Debug|Any CPU
		{1931AB7E-4FFF-4C99-B9E9-CE5BBADCB59D}.Debug|x86.Build.0 = Debug|Any CPU
		{1931AB7E-4FFF-4C99-B9E9-CE5BBADCB59D}.Release|Any CPU.ActiveCfg = Release|Any CPU
		{1931AB7E-4FFF-4C99-B9E9-CE5BBADCB59D}.Release|Any CPU.Build.0 = Release|Any CPU
		{1931AB7E-4FFF-4C99-B9E9-CE5BBADCB59D}.Release|x64.ActiveCfg = Release|Any CPU
		{1931AB7E-4FFF-4C99-B9E9-CE5BBADCB59D}.Release|x64.Build.0 = Release|Any CPU
		{1931AB7E-4FFF-4C99-B9E9-CE5BBADCB59D}.Release|x86.ActiveCfg = Release|Any CPU
		{1931AB7E-4FFF-4C99-B9E9-CE5BBADCB59D}.Release|x86.Build.0 = Release|Any CPU
	EndGlobalSection
	GlobalSection(SolutionProperties) = preSolution
		HideSolutionNode = FALSE
	EndGlobalSection
	GlobalSection(NestedProjects) = preSolution
		{CBD10C5F-A3B4-4F5B-9A70-6DDDB4B870CF} = {E91E7AA9-F920-4605-AB2D-FE5B42E0BC36}
		{D3162290-0333-498D-89CE-F16559AE62B2} = {E91E7AA9-F920-4605-AB2D-FE5B42E0BC36}
		{6793AD49-96FA-4E44-B7D8-7EE61F1103D8} = {E91E7AA9-F920-4605-AB2D-FE5B42E0BC36}
		{BBC2423F-6097-48B6-97F6-72DBDAD94BF9} = {E91E7AA9-F920-4605-AB2D-FE5B42E0BC36}
		{ED0B68A7-6A94-48B3-B717-CA11D254C2E5} = {E91E7AA9-F920-4605-AB2D-FE5B42E0BC36}
		{34144C75-8D35-4E4D-9D17-FE97977D59D3} = {E91E7AA9-F920-4605-AB2D-FE5B42E0BC36}
		{1931AB7E-4FFF-4C99-B9E9-CE5BBADCB59D} = {E91E7AA9-F920-4605-AB2D-FE5B42E0BC36}
	EndGlobalSection
	GlobalSection(ExtensibilityGlobals) = postSolution
		SolutionGuid = {B916EFFE-C978-42AA-AC52-6550E05D9164}
	EndGlobalSection
EndGlobal
